// !$*UTF8*$!
{
	archiveVersion = 1;
	classes = {
	};
	objectVersion = 46;
	objects = {

/* Begin PBXBuildFile section */
		0B829297F9B9DEA2C4115754 /* Pods_AtMeTests.framework in Frameworks */ = {isa = PBXBuildFile; fileRef = B8E31D65154AE797D57AF589 /* Pods_AtMeTests.framework */; };
		5D00D1041F339B9900130C59 /* BlockedUsersViewController.swift in Sources */ = {isa = PBXBuildFile; fileRef = 5D00D1031F339B9900130C59 /* BlockedUsersViewController.swift */; };
		5D00D1061F33A72E00130C59 /* BlockedUserCell.swift in Sources */ = {isa = PBXBuildFile; fileRef = 5D00D1051F33A72E00130C59 /* BlockedUserCell.swift */; };
		5D04E98A1E58DD0C006D8CD5 /* ChatListViewController.swift in Sources */ = {isa = PBXBuildFile; fileRef = 5D04E9891E58DD0C006D8CD5 /* ChatListViewController.swift */; };
		5D04E98C1E58E24E006D8CD5 /* ConvoViewController.swift in Sources */ = {isa = PBXBuildFile; fileRef = 5D04E98B1E58E24E006D8CD5 /* ConvoViewController.swift */; };
		5D07CAB21E752C0100316D75 /* UserProfile.swift in Sources */ = {isa = PBXBuildFile; fileRef = 5D07CAB11E752C0100316D75 /* UserProfile.swift */; };
		5D0B5AB81E668EFB0077BE46 /* SettingsViewController.swift in Sources */ = {isa = PBXBuildFile; fileRef = 5D0B5AB71E668EFB0077BE46 /* SettingsViewController.swift */; };
		5D197AA11E58CE1900C9CB52 /* SignInViewController.swift in Sources */ = {isa = PBXBuildFile; fileRef = 5D197AA01E58CE1900C9CB52 /* SignInViewController.swift */; };
		5D1C703C1E58C64A00FEDEC3 /* AppDelegate.swift in Sources */ = {isa = PBXBuildFile; fileRef = 5D1C703B1E58C64A00FEDEC3 /* AppDelegate.swift */; };
		5D1C70411E58C64A00FEDEC3 /* Main.storyboard in Resources */ = {isa = PBXBuildFile; fileRef = 5D1C703F1E58C64A00FEDEC3 /* Main.storyboard */; };
		5D1C70431E58C64A00FEDEC3 /* Assets.xcassets in Resources */ = {isa = PBXBuildFile; fileRef = 5D1C70421E58C64A00FEDEC3 /* Assets.xcassets */; };
		5D1C70461E58C64A00FEDEC3 /* LaunchScreen.storyboard in Resources */ = {isa = PBXBuildFile; fileRef = 5D1C70441E58C64A00FEDEC3 /* LaunchScreen.storyboard */; };
		5D28129C2132401200BD616E /* AuthManager.swift in Sources */ = {isa = PBXBuildFile; fileRef = 5D28129B2132401200BD616E /* AuthManager.swift */; };
		5D28129F21324DE500BD616E /* MockAuthManager.swift in Sources */ = {isa = PBXBuildFile; fileRef = 5D28129E21324DE500BD616E /* MockAuthManager.swift */; };
		5D2812A021324E2F00BD616E /* MockAuthManager.swift in Sources */ = {isa = PBXBuildFile; fileRef = 5D28129E21324DE500BD616E /* MockAuthManager.swift */; };
		5D2B62601EC909A300B8363E /* PromptViewController.swift in Sources */ = {isa = PBXBuildFile; fileRef = 5D2B625F1EC909A300B8363E /* PromptViewController.swift */; };
		5D2B62621EC909CC00B8363E /* PromptView.swift in Sources */ = {isa = PBXBuildFile; fileRef = 5D2B62611EC909CC00B8363E /* PromptView.swift */; };
		5D323B721F107C3E00853EDE /* EmptyChatListView.swift in Sources */ = {isa = PBXBuildFile; fileRef = 5D323B711F107C3E00853EDE /* EmptyChatListView.swift */; };
		5D3DDA381E62469000B6FBB7 /* UserInfoCell.swift in Sources */ = {isa = PBXBuildFile; fileRef = 5D3DDA371E62469000B6FBB7 /* UserInfoCell.swift */; };
		5D3DDA3A1E6248DA00B6FBB7 /* NewConvoViewController.swift in Sources */ = {isa = PBXBuildFile; fileRef = 5D3DDA391E6248DA00B6FBB7 /* NewConvoViewController.swift */; };
		5D55868E20B34D7C00139C67 /* MediaViewerNavigationBar.swift in Sources */ = {isa = PBXBuildFile; fileRef = 5D55868D20B34D7C00139C67 /* MediaViewerNavigationBar.swift */; };
		5D5A13021F2177C400D54109 /* GoogleService-Info.plist in Resources */ = {isa = PBXBuildFile; fileRef = 5D5A13011F2177C400D54109 /* GoogleService-Info.plist */; };
		5D5A13031F2177C400D54109 /* GoogleService-Info.plist in Resources */ = {isa = PBXBuildFile; fileRef = 5D5A13011F2177C400D54109 /* GoogleService-Info.plist */; };
		5D5D67761ED1E90200FF8F2A /* DatabaseController.swift in Sources */ = {isa = PBXBuildFile; fileRef = 5D5D67751ED1E90200FF8F2A /* DatabaseController.swift */; };
		5D5EDF851EC3D14C00F7FC44 /* Extensions.swift in Sources */ = {isa = PBXBuildFile; fileRef = 5D5EDF841EC3D14C00F7FC44 /* Extensions.swift */; };
		5D6394F11F314F800095C1C5 /* LegalViewController.swift in Sources */ = {isa = PBXBuildFile; fileRef = 5D6394F01F314F800095C1C5 /* LegalViewController.swift */; };
		5D6394F31F31598E0095C1C5 /* terms.txt in Resources */ = {isa = PBXBuildFile; fileRef = 5D6394F21F31598E0095C1C5 /* terms.txt */; };
		5D6394F51F315E3C0095C1C5 /* privacy.txt in Resources */ = {isa = PBXBuildFile; fileRef = 5D6394F41F315E3C0095C1C5 /* privacy.txt */; };
		5D65EBF61EFA1798009F512E /* NotificationsController.swift in Sources */ = {isa = PBXBuildFile; fileRef = 5D65EBF51EFA1798009F512E /* NotificationsController.swift */; };
		5D7549C820CB24B9000683D9 /* AuthControllerTests.swift in Sources */ = {isa = PBXBuildFile; fileRef = 5D22766420C9B658002E6958 /* AuthControllerTests.swift */; };
		5D9027231EB2A3E60021AEE9 /* Conversation.swift in Sources */ = {isa = PBXBuildFile; fileRef = 5D9027221EB2A3E60021AEE9 /* Conversation.swift */; };
		5D9617381F316C6100222C79 /* ConvoAuxViewController.swift in Sources */ = {isa = PBXBuildFile; fileRef = 5D9617371F316C6100222C79 /* ConvoAuxViewController.swift */; };
		5D9D443A1EAEE81500CF25F7 /* UserState.swift in Sources */ = {isa = PBXBuildFile; fileRef = 5D9D44391EAEE81500CF25F7 /* UserState.swift */; };
		5D9DD030209513D000237CDD /* MediaTransitionDelegate.swift in Sources */ = {isa = PBXBuildFile; fileRef = 5D9DD02F209513D000237CDD /* MediaTransitionDelegate.swift */; };
		5D9DD0322095143E00237CDD /* PresentationAnimator.swift in Sources */ = {isa = PBXBuildFile; fileRef = 5D9DD0312095143E00237CDD /* PresentationAnimator.swift */; };
		5D9DD0342095146900237CDD /* DismissalAnimator.swift in Sources */ = {isa = PBXBuildFile; fileRef = 5D9DD0332095146900237CDD /* DismissalAnimator.swift */; };
		5D9DD0362095173D00237CDD /* MediaViewerController.swift in Sources */ = {isa = PBXBuildFile; fileRef = 5D9DD0352095173D00237CDD /* MediaViewerController.swift */; };
		5DA1C37C1F33FCA8002E2773 /* ReportUserViewController.swift in Sources */ = {isa = PBXBuildFile; fileRef = 5DA1C37B1F33FCA8002E2773 /* ReportUserViewController.swift */; };
		5DA1D56D1EF78B57001A6ED5 /* NotificationService.swift in Sources */ = {isa = PBXBuildFile; fileRef = 5DA1D56C1EF78B57001A6ED5 /* NotificationService.swift */; };
		5DA1D5711EF78B57001A6ED5 /* OneSignalNotificationServiceExtension.appex in Embed App Extensions */ = {isa = PBXBuildFile; fileRef = 5DA1D56A1EF78B57001A6ED5 /* OneSignalNotificationServiceExtension.appex */; settings = {ATTRIBUTES = (RemoveHeadersOnCopy, ); }; };
		5DA9E0DD1E5B6E0900F38C96 /* MessageCell.swift in Sources */ = {isa = PBXBuildFile; fileRef = 5DA9E0DC1E5B6E0900F38C96 /* MessageCell.swift */; };
		5DAF28B71E5BBCBC00288F31 /* Constants.swift in Sources */ = {isa = PBXBuildFile; fileRef = 5DAF28B61E5BBCBC00288F31 /* Constants.swift */; };
		5DAFF1621E72FD02008DE303 /* SignUpViewController.swift in Sources */ = {isa = PBXBuildFile; fileRef = 5DAFF1611E72FD02008DE303 /* SignUpViewController.swift */; };
		5DD231841F2B65BE0058DD54 /* ChatToolbarView.swift in Sources */ = {isa = PBXBuildFile; fileRef = 5DD231831F2B65BE0058DD54 /* ChatToolbarView.swift */; };
		5DE764EE1F0046E700E483C6 /* FirebaseAuthManager.swift in Sources */ = {isa = PBXBuildFile; fileRef = 5DE764ED1F0046E700E483C6 /* FirebaseAuthManager.swift */; };
		5DE764F01F00814900E483C6 /* UserSetupViewController.swift in Sources */ = {isa = PBXBuildFile; fileRef = 5DE764EF1F00814900E483C6 /* UserSetupViewController.swift */; };
		5DF36ED91EB3D35400346868 /* Message.swift in Sources */ = {isa = PBXBuildFile; fileRef = 5DF36ED81EB3D35400346868 /* Message.swift */; };
		5DFC7F3D1E7A27CF003C6594 /* ConversationCell.swift in Sources */ = {isa = PBXBuildFile; fileRef = 5DFC7F3C1E7A27CF003C6594 /* ConversationCell.swift */; };
		CE973373500F992CC203C4C3 /* Pods_OneSignalNotificationServiceExtension.framework in Frameworks */ = {isa = PBXBuildFile; fileRef = DE37082F7DC013473599AD31 /* Pods_OneSignalNotificationServiceExtension.framework */; };
		F5952E533BFD28E9911F1F03 /* Pods_AtMe.framework in Frameworks */ = {isa = PBXBuildFile; fileRef = D6EFA11791A5A217839F7019 /* Pods_AtMe.framework */; };
/* End PBXBuildFile section */

/* Begin PBXContainerItemProxy section */
		5D22767420C9B6C8002E6958 /* PBXContainerItemProxy */ = {
			isa = PBXContainerItemProxy;
			containerPortal = 5D1C70301E58C64A00FEDEC3 /* Project object */;
			proxyType = 1;
			remoteGlobalIDString = 5D1C70371E58C64A00FEDEC3;
			remoteInfo = AtMe;
		};
		5DA1D56F1EF78B57001A6ED5 /* PBXContainerItemProxy */ = {
			isa = PBXContainerItemProxy;
			containerPortal = 5D1C70301E58C64A00FEDEC3 /* Project object */;
			proxyType = 1;
			remoteGlobalIDString = 5DA1D5691EF78B57001A6ED5;
			remoteInfo = OneSignalNotificationServiceExtension;
		};
/* End PBXContainerItemProxy section */

/* Begin PBXCopyFilesBuildPhase section */
		5DA1D5751EF78B57001A6ED5 /* Embed App Extensions */ = {
			isa = PBXCopyFilesBuildPhase;
			buildActionMask = 2147483647;
			dstPath = "";
			dstSubfolderSpec = 13;
			files = (
				5DA1D5711EF78B57001A6ED5 /* OneSignalNotificationServiceExtension.appex in Embed App Extensions */,
			);
			name = "Embed App Extensions";
			runOnlyForDeploymentPostprocessing = 0;
		};
/* End PBXCopyFilesBuildPhase section */

/* Begin PBXFileReference section */
		3EA6B6C2F24651C2E0E50A37 /* Pods-AtMe.release.xcconfig */ = {isa = PBXFileReference; includeInIndex = 1; lastKnownFileType = text.xcconfig; name = "Pods-AtMe.release.xcconfig"; path = "Pods/Target Support Files/Pods-AtMe/Pods-AtMe.release.xcconfig"; sourceTree = "<group>"; };
		4E680CAB8B2C3DC09C5B77F4 /* Pods-AtMeTests.release.xcconfig */ = {isa = PBXFileReference; includeInIndex = 1; lastKnownFileType = text.xcconfig; name = "Pods-AtMeTests.release.xcconfig"; path = "Pods/Target Support Files/Pods-AtMeTests/Pods-AtMeTests.release.xcconfig"; sourceTree = "<group>"; };
		5D00D1031F339B9900130C59 /* BlockedUsersViewController.swift */ = {isa = PBXFileReference; fileEncoding = 4; lastKnownFileType = sourcecode.swift; lineEnding = 0; path = BlockedUsersViewController.swift; sourceTree = "<group>"; xcLanguageSpecificationIdentifier = xcode.lang.swift; };
		5D00D1051F33A72E00130C59 /* BlockedUserCell.swift */ = {isa = PBXFileReference; fileEncoding = 4; lastKnownFileType = sourcecode.swift; path = BlockedUserCell.swift; sourceTree = "<group>"; };
		5D04E9891E58DD0C006D8CD5 /* ChatListViewController.swift */ = {isa = PBXFileReference; fileEncoding = 4; lastKnownFileType = sourcecode.swift; lineEnding = 0; path = ChatListViewController.swift; sourceTree = "<group>"; xcLanguageSpecificationIdentifier = xcode.lang.swift; };
		5D04E98B1E58E24E006D8CD5 /* ConvoViewController.swift */ = {isa = PBXFileReference; fileEncoding = 4; lastKnownFileType = sourcecode.swift; lineEnding = 0; path = ConvoViewController.swift; sourceTree = "<group>"; xcLanguageSpecificationIdentifier = xcode.lang.swift; };
		5D07CAB11E752C0100316D75 /* UserProfile.swift */ = {isa = PBXFileReference; fileEncoding = 4; lastKnownFileType = sourcecode.swift; path = UserProfile.swift; sourceTree = "<group>"; };
		5D0B5AB71E668EFB0077BE46 /* SettingsViewController.swift */ = {isa = PBXFileReference; fileEncoding = 4; lastKnownFileType = sourcecode.swift; path = SettingsViewController.swift; sourceTree = "<group>"; };
		5D197AA01E58CE1900C9CB52 /* SignInViewController.swift */ = {isa = PBXFileReference; fileEncoding = 4; lastKnownFileType = sourcecode.swift; path = SignInViewController.swift; sourceTree = "<group>"; };
		5D1C70381E58C64A00FEDEC3 /* AtMe.app */ = {isa = PBXFileReference; explicitFileType = wrapper.application; includeInIndex = 0; path = AtMe.app; sourceTree = BUILT_PRODUCTS_DIR; };
		5D1C703B1E58C64A00FEDEC3 /* AppDelegate.swift */ = {isa = PBXFileReference; lastKnownFileType = sourcecode.swift; path = AppDelegate.swift; sourceTree = "<group>"; };
		5D1C70401E58C64A00FEDEC3 /* Base */ = {isa = PBXFileReference; lastKnownFileType = file.storyboard; name = Base; path = Base.lproj/Main.storyboard; sourceTree = "<group>"; };
		5D1C70421E58C64A00FEDEC3 /* Assets.xcassets */ = {isa = PBXFileReference; lastKnownFileType = folder.assetcatalog; path = Assets.xcassets; sourceTree = "<group>"; };
		5D1C70451E58C64A00FEDEC3 /* Base */ = {isa = PBXFileReference; lastKnownFileType = file.storyboard; name = Base; path = Base.lproj/LaunchScreen.storyboard; sourceTree = "<group>"; };
		5D1C70471E58C64A00FEDEC3 /* Info.plist */ = {isa = PBXFileReference; lastKnownFileType = text.plist.xml; path = Info.plist; sourceTree = "<group>"; };
		5D22766420C9B658002E6958 /* AuthControllerTests.swift */ = {isa = PBXFileReference; lastKnownFileType = sourcecode.swift; path = AuthControllerTests.swift; sourceTree = "<group>"; };
		5D22766F20C9B6C8002E6958 /* AtMeTests.xctest */ = {isa = PBXFileReference; explicitFileType = wrapper.cfbundle; includeInIndex = 0; path = AtMeTests.xctest; sourceTree = BUILT_PRODUCTS_DIR; };
		5D22767320C9B6C8002E6958 /* Info.plist */ = {isa = PBXFileReference; lastKnownFileType = text.plist.xml; path = Info.plist; sourceTree = "<group>"; };
		5D28129B2132401200BD616E /* AuthManager.swift */ = {isa = PBXFileReference; lastKnownFileType = sourcecode.swift; path = AuthManager.swift; sourceTree = "<group>"; };
		5D28129E21324DE500BD616E /* MockAuthManager.swift */ = {isa = PBXFileReference; lastKnownFileType = sourcecode.swift; path = MockAuthManager.swift; sourceTree = "<group>"; };
		5D2B625F1EC909A300B8363E /* PromptViewController.swift */ = {isa = PBXFileReference; fileEncoding = 4; lastKnownFileType = sourcecode.swift; path = PromptViewController.swift; sourceTree = "<group>"; };
		5D2B62611EC909CC00B8363E /* PromptView.swift */ = {isa = PBXFileReference; fileEncoding = 4; lastKnownFileType = sourcecode.swift; path = PromptView.swift; sourceTree = "<group>"; };
		5D323B711F107C3E00853EDE /* EmptyChatListView.swift */ = {isa = PBXFileReference; fileEncoding = 4; lastKnownFileType = sourcecode.swift; path = EmptyChatListView.swift; sourceTree = "<group>"; };
		5D3DDA371E62469000B6FBB7 /* UserInfoCell.swift */ = {isa = PBXFileReference; fileEncoding = 4; lastKnownFileType = sourcecode.swift; path = UserInfoCell.swift; sourceTree = "<group>"; };
		5D3DDA391E6248DA00B6FBB7 /* NewConvoViewController.swift */ = {isa = PBXFileReference; fileEncoding = 4; lastKnownFileType = sourcecode.swift; lineEnding = 0; path = NewConvoViewController.swift; sourceTree = "<group>"; xcLanguageSpecificationIdentifier = xcode.lang.swift; };
		5D43855F1EEC4D8F0005D7CD /* AtMe.entitlements */ = {isa = PBXFileReference; lastKnownFileType = text.plist.entitlements; path = AtMe.entitlements; sourceTree = "<group>"; };
		5D55868D20B34D7C00139C67 /* MediaViewerNavigationBar.swift */ = {isa = PBXFileReference; lastKnownFileType = sourcecode.swift; path = MediaViewerNavigationBar.swift; sourceTree = "<group>"; };
		5D5A13011F2177C400D54109 /* GoogleService-Info.plist */ = {isa = PBXFileReference; fileEncoding = 4; lastKnownFileType = text.plist.xml; path = "GoogleService-Info.plist"; sourceTree = "<group>"; };
		5D5D67751ED1E90200FF8F2A /* DatabaseController.swift */ = {isa = PBXFileReference; fileEncoding = 4; lastKnownFileType = sourcecode.swift; lineEnding = 0; path = DatabaseController.swift; sourceTree = "<group>"; xcLanguageSpecificationIdentifier = xcode.lang.swift; };
		5D5EDF841EC3D14C00F7FC44 /* Extensions.swift */ = {isa = PBXFileReference; fileEncoding = 4; lastKnownFileType = sourcecode.swift; lineEnding = 0; path = Extensions.swift; sourceTree = "<group>"; xcLanguageSpecificationIdentifier = xcode.lang.swift; };
		5D6394F01F314F800095C1C5 /* LegalViewController.swift */ = {isa = PBXFileReference; fileEncoding = 4; lastKnownFileType = sourcecode.swift; path = LegalViewController.swift; sourceTree = "<group>"; };
		5D6394F21F31598E0095C1C5 /* terms.txt */ = {isa = PBXFileReference; fileEncoding = 4; lastKnownFileType = text; path = terms.txt; sourceTree = "<group>"; };
		5D6394F41F315E3C0095C1C5 /* privacy.txt */ = {isa = PBXFileReference; fileEncoding = 4; lastKnownFileType = text; path = privacy.txt; sourceTree = "<group>"; };
		5D65EBF51EFA1798009F512E /* NotificationsController.swift */ = {isa = PBXFileReference; fileEncoding = 4; lastKnownFileType = sourcecode.swift; path = NotificationsController.swift; sourceTree = "<group>"; };
		5D9027221EB2A3E60021AEE9 /* Conversation.swift */ = {isa = PBXFileReference; fileEncoding = 4; lastKnownFileType = sourcecode.swift; path = Conversation.swift; sourceTree = "<group>"; };
		5D9617371F316C6100222C79 /* ConvoAuxViewController.swift */ = {isa = PBXFileReference; fileEncoding = 4; lastKnownFileType = sourcecode.swift; lineEnding = 0; path = ConvoAuxViewController.swift; sourceTree = "<group>"; xcLanguageSpecificationIdentifier = xcode.lang.swift; };
		5D9D44391EAEE81500CF25F7 /* UserState.swift */ = {isa = PBXFileReference; fileEncoding = 4; lastKnownFileType = sourcecode.swift; path = UserState.swift; sourceTree = "<group>"; };
		5D9DD02F209513D000237CDD /* MediaTransitionDelegate.swift */ = {isa = PBXFileReference; lastKnownFileType = sourcecode.swift; path = MediaTransitionDelegate.swift; sourceTree = "<group>"; };
		5D9DD0312095143E00237CDD /* PresentationAnimator.swift */ = {isa = PBXFileReference; lastKnownFileType = sourcecode.swift; path = PresentationAnimator.swift; sourceTree = "<group>"; };
		5D9DD0332095146900237CDD /* DismissalAnimator.swift */ = {isa = PBXFileReference; lastKnownFileType = sourcecode.swift; path = DismissalAnimator.swift; sourceTree = "<group>"; };
		5D9DD0352095173D00237CDD /* MediaViewerController.swift */ = {isa = PBXFileReference; lastKnownFileType = sourcecode.swift; path = MediaViewerController.swift; sourceTree = "<group>"; };
		5DA1C37B1F33FCA8002E2773 /* ReportUserViewController.swift */ = {isa = PBXFileReference; fileEncoding = 4; lastKnownFileType = sourcecode.swift; path = ReportUserViewController.swift; sourceTree = "<group>"; };
		5DA1D56A1EF78B57001A6ED5 /* OneSignalNotificationServiceExtension.appex */ = {isa = PBXFileReference; explicitFileType = "wrapper.app-extension"; includeInIndex = 0; path = OneSignalNotificationServiceExtension.appex; sourceTree = BUILT_PRODUCTS_DIR; };
		5DA1D56C1EF78B57001A6ED5 /* NotificationService.swift */ = {isa = PBXFileReference; lastKnownFileType = sourcecode.swift; path = NotificationService.swift; sourceTree = "<group>"; };
		5DA1D56E1EF78B57001A6ED5 /* Info.plist */ = {isa = PBXFileReference; lastKnownFileType = text.plist.xml; path = Info.plist; sourceTree = "<group>"; };
		5DA9E0DC1E5B6E0900F38C96 /* MessageCell.swift */ = {isa = PBXFileReference; fileEncoding = 4; lastKnownFileType = sourcecode.swift; lineEnding = 0; path = MessageCell.swift; sourceTree = "<group>"; xcLanguageSpecificationIdentifier = xcode.lang.swift; };
		5DAF28B61E5BBCBC00288F31 /* Constants.swift */ = {isa = PBXFileReference; fileEncoding = 4; lastKnownFileType = sourcecode.swift; path = Constants.swift; sourceTree = "<group>"; };
		5DAFF1611E72FD02008DE303 /* SignUpViewController.swift */ = {isa = PBXFileReference; fileEncoding = 4; lastKnownFileType = sourcecode.swift; path = SignUpViewController.swift; sourceTree = "<group>"; };
		5DD231831F2B65BE0058DD54 /* ChatToolbarView.swift */ = {isa = PBXFileReference; fileEncoding = 4; lastKnownFileType = sourcecode.swift; path = ChatToolbarView.swift; sourceTree = "<group>"; };
		5DE764ED1F0046E700E483C6 /* FirebaseAuthManager.swift */ = {isa = PBXFileReference; fileEncoding = 4; lastKnownFileType = sourcecode.swift; lineEnding = 0; path = FirebaseAuthManager.swift; sourceTree = "<group>"; xcLanguageSpecificationIdentifier = xcode.lang.swift; };
		5DE764EF1F00814900E483C6 /* UserSetupViewController.swift */ = {isa = PBXFileReference; fileEncoding = 4; lastKnownFileType = sourcecode.swift; path = UserSetupViewController.swift; sourceTree = "<group>"; };
		5DF36ED81EB3D35400346868 /* Message.swift */ = {isa = PBXFileReference; fileEncoding = 4; lastKnownFileType = sourcecode.swift; path = Message.swift; sourceTree = "<group>"; };
		5DFC7F3C1E7A27CF003C6594 /* ConversationCell.swift */ = {isa = PBXFileReference; fileEncoding = 4; lastKnownFileType = sourcecode.swift; path = ConversationCell.swift; sourceTree = "<group>"; };
		6091D7237A3A486130F73C61 /* Pods-OneSignalNotificationServiceExtension.debug.xcconfig */ = {isa = PBXFileReference; includeInIndex = 1; lastKnownFileType = text.xcconfig; name = "Pods-OneSignalNotificationServiceExtension.debug.xcconfig"; path = "Pods/Target Support Files/Pods-OneSignalNotificationServiceExtension/Pods-OneSignalNotificationServiceExtension.debug.xcconfig"; sourceTree = "<group>"; };
		7F3DB2773FD585250B1CABFB /* Pods-AtMe.debug.xcconfig */ = {isa = PBXFileReference; includeInIndex = 1; lastKnownFileType = text.xcconfig; name = "Pods-AtMe.debug.xcconfig"; path = "Pods/Target Support Files/Pods-AtMe/Pods-AtMe.debug.xcconfig"; sourceTree = "<group>"; };
		ACDEBA52D79956F81B9FB3C5 /* Pods-AtMeTests.debug.xcconfig */ = {isa = PBXFileReference; includeInIndex = 1; lastKnownFileType = text.xcconfig; name = "Pods-AtMeTests.debug.xcconfig"; path = "Pods/Target Support Files/Pods-AtMeTests/Pods-AtMeTests.debug.xcconfig"; sourceTree = "<group>"; };
		B8E31D65154AE797D57AF589 /* Pods_AtMeTests.framework */ = {isa = PBXFileReference; explicitFileType = wrapper.framework; includeInIndex = 0; path = Pods_AtMeTests.framework; sourceTree = BUILT_PRODUCTS_DIR; };
		D6EFA11791A5A217839F7019 /* Pods_AtMe.framework */ = {isa = PBXFileReference; explicitFileType = wrapper.framework; includeInIndex = 0; path = Pods_AtMe.framework; sourceTree = BUILT_PRODUCTS_DIR; };
		DE37082F7DC013473599AD31 /* Pods_OneSignalNotificationServiceExtension.framework */ = {isa = PBXFileReference; explicitFileType = wrapper.framework; includeInIndex = 0; path = Pods_OneSignalNotificationServiceExtension.framework; sourceTree = BUILT_PRODUCTS_DIR; };
		E73653AE2B0ED77BD80E3B72 /* Pods-OneSignalNotificationServiceExtension.release.xcconfig */ = {isa = PBXFileReference; includeInIndex = 1; lastKnownFileType = text.xcconfig; name = "Pods-OneSignalNotificationServiceExtension.release.xcconfig"; path = "Pods/Target Support Files/Pods-OneSignalNotificationServiceExtension/Pods-OneSignalNotificationServiceExtension.release.xcconfig"; sourceTree = "<group>"; };
/* End PBXFileReference section */

/* Begin PBXFrameworksBuildPhase section */
		5D1C70351E58C64A00FEDEC3 /* Frameworks */ = {
			isa = PBXFrameworksBuildPhase;
			buildActionMask = 2147483647;
			files = (
				F5952E533BFD28E9911F1F03 /* Pods_AtMe.framework in Frameworks */,
			);
			runOnlyForDeploymentPostprocessing = 0;
		};
		5D22766C20C9B6C8002E6958 /* Frameworks */ = {
			isa = PBXFrameworksBuildPhase;
			buildActionMask = 2147483647;
			files = (
				0B829297F9B9DEA2C4115754 /* Pods_AtMeTests.framework in Frameworks */,
			);
			runOnlyForDeploymentPostprocessing = 0;
		};
		5DA1D5671EF78B57001A6ED5 /* Frameworks */ = {
			isa = PBXFrameworksBuildPhase;
			buildActionMask = 2147483647;
			files = (
				CE973373500F992CC203C4C3 /* Pods_OneSignalNotificationServiceExtension.framework in Frameworks */,
			);
			runOnlyForDeploymentPostprocessing = 0;
		};
/* End PBXFrameworksBuildPhase section */

/* Begin PBXGroup section */
		2217BD1937AA2D80A8F3708C /* Frameworks */ = {
			isa = PBXGroup;
			children = (
				D6EFA11791A5A217839F7019 /* Pods_AtMe.framework */,
				DE37082F7DC013473599AD31 /* Pods_OneSignalNotificationServiceExtension.framework */,
				B8E31D65154AE797D57AF589 /* Pods_AtMeTests.framework */,
			);
			name = Frameworks;
			sourceTree = "<group>";
		};
		5D1C702F1E58C64A00FEDEC3 = {
			isa = PBXGroup;
			children = (
				5D1C703A1E58C64A00FEDEC3 /* AtMe */,
				5DA1D56B1EF78B57001A6ED5 /* OneSignalNotificationServiceExtension */,
				5D22767020C9B6C8002E6958 /* AtMeTests */,
				5D1C70391E58C64A00FEDEC3 /* Products */,
				7EC3AB56F47CED54B7D74FC2 /* Pods */,
				2217BD1937AA2D80A8F3708C /* Frameworks */,
			);
			sourceTree = "<group>";
		};
		5D1C70391E58C64A00FEDEC3 /* Products */ = {
			isa = PBXGroup;
			children = (
				5D1C70381E58C64A00FEDEC3 /* AtMe.app */,
				5DA1D56A1EF78B57001A6ED5 /* OneSignalNotificationServiceExtension.appex */,
				5D22766F20C9B6C8002E6958 /* AtMeTests.xctest */,
			);
			name = Products;
			sourceTree = "<group>";
		};
		5D1C703A1E58C64A00FEDEC3 /* AtMe */ = {
			isa = PBXGroup;
			children = (
				5D43855F1EEC4D8F0005D7CD /* AtMe.entitlements */,
				5D28129A21323F6900BD616E /* Protocols */,
				5D5EDF831EC3D01900F7FC44 /* Views */,
				5D1C704F1E58C69C00FEDEC3 /* Cells */,
				5D1C704E1E58C68A00FEDEC3 /* Controllers */,
				5D1C704D1E58C67800FEDEC3 /* Models */,
				5D1C70421E58C64A00FEDEC3 /* Assets.xcassets */,
				5D6394F21F31598E0095C1C5 /* terms.txt */,
				5D6394F41F315E3C0095C1C5 /* privacy.txt */,
				5D1C703F1E58C64A00FEDEC3 /* Main.storyboard */,
				5D1C70441E58C64A00FEDEC3 /* LaunchScreen.storyboard */,
				5D5A13011F2177C400D54109 /* GoogleService-Info.plist */,
				5D1C70471E58C64A00FEDEC3 /* Info.plist */,
			);
			path = AtMe;
			sourceTree = "<group>";
		};
		5D1C704D1E58C67800FEDEC3 /* Models */ = {
			isa = PBXGroup;
			children = (
				5D5EDF841EC3D14C00F7FC44 /* Extensions.swift */,
				5D1C703B1E58C64A00FEDEC3 /* AppDelegate.swift */,
				5D9027221EB2A3E60021AEE9 /* Conversation.swift */,
				5DAF28B61E5BBCBC00288F31 /* Constants.swift */,
				5D07CAB11E752C0100316D75 /* UserProfile.swift */,
				5D9D44391EAEE81500CF25F7 /* UserState.swift */,
				5DF36ED81EB3D35400346868 /* Message.swift */,
				5D5D67751ED1E90200FF8F2A /* DatabaseController.swift */,
				5D65EBF51EFA1798009F512E /* NotificationsController.swift */,
				5DE764ED1F0046E700E483C6 /* FirebaseAuthManager.swift */,
			);
			name = Models;
			sourceTree = "<group>";
		};
		5D1C704E1E58C68A00FEDEC3 /* Controllers */ = {
			isa = PBXGroup;
			children = (
				5D197AA01E58CE1900C9CB52 /* SignInViewController.swift */,
				5DAFF1611E72FD02008DE303 /* SignUpViewController.swift */,
				5D04E9891E58DD0C006D8CD5 /* ChatListViewController.swift */,
				5D04E98B1E58E24E006D8CD5 /* ConvoViewController.swift */,
				5D9617371F316C6100222C79 /* ConvoAuxViewController.swift */,
				5D3DDA391E6248DA00B6FBB7 /* NewConvoViewController.swift */,
				5D0B5AB71E668EFB0077BE46 /* SettingsViewController.swift */,
				5D2B625F1EC909A300B8363E /* PromptViewController.swift */,
				5DE764EF1F00814900E483C6 /* UserSetupViewController.swift */,
				5D6394F01F314F800095C1C5 /* LegalViewController.swift */,
				5D00D1031F339B9900130C59 /* BlockedUsersViewController.swift */,
				5DA1C37B1F33FCA8002E2773 /* ReportUserViewController.swift */,
				5D9DD0352095173D00237CDD /* MediaViewerController.swift */,
			);
			name = Controllers;
			sourceTree = "<group>";
		};
		5D1C704F1E58C69C00FEDEC3 /* Cells */ = {
			isa = PBXGroup;
			children = (
				5DA9E0DC1E5B6E0900F38C96 /* MessageCell.swift */,
				5DFC7F3C1E7A27CF003C6594 /* ConversationCell.swift */,
				5D3DDA371E62469000B6FBB7 /* UserInfoCell.swift */,
				5D00D1051F33A72E00130C59 /* BlockedUserCell.swift */,
			);
			name = Cells;
			sourceTree = "<group>";
		};
		5D22766720C9B66A002E6958 /* Views */ = {
			isa = PBXGroup;
			children = (
			);
			path = Views;
			sourceTree = "<group>";
		};
		5D22766820C9B672002E6958 /* Cells */ = {
			isa = PBXGroup;
			children = (
			);
			path = Cells;
			sourceTree = "<group>";
		};
		5D22766920C9B682002E6958 /* Controllers */ = {
			isa = PBXGroup;
			children = (
			);
			path = Controllers;
			sourceTree = "<group>";
		};
		5D22766A20C9B68B002E6958 /* Models */ = {
			isa = PBXGroup;
			children = (
				5D22766420C9B658002E6958 /* AuthControllerTests.swift */,
			);
			path = Models;
			sourceTree = "<group>";
		};
		5D22767020C9B6C8002E6958 /* AtMeTests */ = {
			isa = PBXGroup;
			children = (
				5D28129D21324C8F00BD616E /* Mocks */,
				5D22766A20C9B68B002E6958 /* Models */,
				5D22766920C9B682002E6958 /* Controllers */,
				5D22766820C9B672002E6958 /* Cells */,
				5D22766720C9B66A002E6958 /* Views */,
				5D22767320C9B6C8002E6958 /* Info.plist */,
			);
			path = AtMeTests;
			sourceTree = "<group>";
		};
		5D28129A21323F6900BD616E /* Protocols */ = {
			isa = PBXGroup;
			children = (
				5D28129B2132401200BD616E /* AuthManager.swift */,
			);
			name = Protocols;
			sourceTree = "<group>";
		};
		5D28129D21324C8F00BD616E /* Mocks */ = {
			isa = PBXGroup;
			children = (
				5D28129E21324DE500BD616E /* MockAuthManager.swift */,
			);
			path = Mocks;
			sourceTree = "<group>";
		};
		5D5EDF831EC3D01900F7FC44 /* Views */ = {
			isa = PBXGroup;
			children = (
				5D323B711F107C3E00853EDE /* EmptyChatListView.swift */,
				5D2B62611EC909CC00B8363E /* PromptView.swift */,
				5DD231831F2B65BE0058DD54 /* ChatToolbarView.swift */,
				5D9DD02F209513D000237CDD /* MediaTransitionDelegate.swift */,
				5D9DD0312095143E00237CDD /* PresentationAnimator.swift */,
				5D9DD0332095146900237CDD /* DismissalAnimator.swift */,
				5D55868D20B34D7C00139C67 /* MediaViewerNavigationBar.swift */,
			);
			name = Views;
			sourceTree = "<group>";
		};
		5DA1D56B1EF78B57001A6ED5 /* OneSignalNotificationServiceExtension */ = {
			isa = PBXGroup;
			children = (
				5DA1D56C1EF78B57001A6ED5 /* NotificationService.swift */,
				5DA1D56E1EF78B57001A6ED5 /* Info.plist */,
			);
			path = OneSignalNotificationServiceExtension;
			sourceTree = "<group>";
		};
		7EC3AB56F47CED54B7D74FC2 /* Pods */ = {
			isa = PBXGroup;
			children = (
				7F3DB2773FD585250B1CABFB /* Pods-AtMe.debug.xcconfig */,
				3EA6B6C2F24651C2E0E50A37 /* Pods-AtMe.release.xcconfig */,
				6091D7237A3A486130F73C61 /* Pods-OneSignalNotificationServiceExtension.debug.xcconfig */,
				E73653AE2B0ED77BD80E3B72 /* Pods-OneSignalNotificationServiceExtension.release.xcconfig */,
				ACDEBA52D79956F81B9FB3C5 /* Pods-AtMeTests.debug.xcconfig */,
				4E680CAB8B2C3DC09C5B77F4 /* Pods-AtMeTests.release.xcconfig */,
			);
			name = Pods;
			sourceTree = "<group>";
		};
/* End PBXGroup section */

/* Begin PBXNativeTarget section */
		5D1C70371E58C64A00FEDEC3 /* AtMe */ = {
			isa = PBXNativeTarget;
			buildConfigurationList = 5D1C704A1E58C64A00FEDEC3 /* Build configuration list for PBXNativeTarget "AtMe" */;
			buildPhases = (
				78400F367FC7A9993FC66265 /* [CP] Check Pods Manifest.lock */,
				5D1C70341E58C64A00FEDEC3 /* Sources */,
				5D1C70351E58C64A00FEDEC3 /* Frameworks */,
				5D1C70361E58C64A00FEDEC3 /* Resources */,
				5DA1D5751EF78B57001A6ED5 /* Embed App Extensions */,
				5DDF545413EF3A99BD5CC09F /* [CP] Embed Pods Frameworks */,
			);
			buildRules = (
			);
			dependencies = (
				5DA1D5701EF78B57001A6ED5 /* PBXTargetDependency */,
			);
			name = AtMe;
			productName = at.me;
			productReference = 5D1C70381E58C64A00FEDEC3 /* AtMe.app */;
			productType = "com.apple.product-type.application";
		};
		5D22766E20C9B6C8002E6958 /* AtMeTests */ = {
			isa = PBXNativeTarget;
			buildConfigurationList = 5D22767620C9B6C8002E6958 /* Build configuration list for PBXNativeTarget "AtMeTests" */;
			buildPhases = (
				F7EE4D14A49C4B6A1D44231E /* [CP] Check Pods Manifest.lock */,
				5D22766B20C9B6C8002E6958 /* Sources */,
				5D22766C20C9B6C8002E6958 /* Frameworks */,
				5D22766D20C9B6C8002E6958 /* Resources */,
				8F8F71D9E9E00E611F69B892 /* [CP] Embed Pods Frameworks */,
			);
			buildRules = (
			);
			dependencies = (
				5D22767520C9B6C8002E6958 /* PBXTargetDependency */,
			);
			name = AtMeTests;
			productName = AtMeTests;
			productReference = 5D22766F20C9B6C8002E6958 /* AtMeTests.xctest */;
			productType = "com.apple.product-type.bundle.unit-test";
		};
		5DA1D5691EF78B57001A6ED5 /* OneSignalNotificationServiceExtension */ = {
			isa = PBXNativeTarget;
			buildConfigurationList = 5DA1D5741EF78B57001A6ED5 /* Build configuration list for PBXNativeTarget "OneSignalNotificationServiceExtension" */;
			buildPhases = (
				D85C2076939C3121506AED54 /* [CP] Check Pods Manifest.lock */,
				5DA1D5661EF78B57001A6ED5 /* Sources */,
				5DA1D5671EF78B57001A6ED5 /* Frameworks */,
				5DA1D5681EF78B57001A6ED5 /* Resources */,
			);
			buildRules = (
			);
			dependencies = (
			);
			name = OneSignalNotificationServiceExtension;
			productName = OneSignalNotificationServiceExtension;
			productReference = 5DA1D56A1EF78B57001A6ED5 /* OneSignalNotificationServiceExtension.appex */;
			productType = "com.apple.product-type.app-extension";
		};
/* End PBXNativeTarget section */

/* Begin PBXProject section */
		5D1C70301E58C64A00FEDEC3 /* Project object */ = {
			isa = PBXProject;
			attributes = {
				LastSwiftUpdateCheck = 1000;
				LastUpgradeCheck = 0940;
				ORGANIZATIONNAME = "Joel Rorseth";
				TargetAttributes = {
					5D1C70371E58C64A00FEDEC3 = {
						CreatedOnToolsVersion = 8.2.1;
						DevelopmentTeam = TGHSJ2W3HB;
						LastSwiftMigration = 0900;
						ProvisioningStyle = Automatic;
						SystemCapabilities = {
							com.apple.BackgroundModes = {
								enabled = 1;
							};
							com.apple.Keychain = {
								enabled = 1;
							};
							com.apple.Push = {
								enabled = 1;
							};
						};
					};
					5D22766E20C9B6C8002E6958 = {
						CreatedOnToolsVersion = 10.0;
						DevelopmentTeam = TGHSJ2W3HB;
						ProvisioningStyle = Automatic;
						TestTargetID = 5D1C70371E58C64A00FEDEC3;
					};
					5DA1D5691EF78B57001A6ED5 = {
						CreatedOnToolsVersion = 8.3.3;
						DevelopmentTeam = TGHSJ2W3HB;
						LastSwiftMigration = 0900;
						ProvisioningStyle = Automatic;
					};
				};
			};
			buildConfigurationList = 5D1C70331E58C64A00FEDEC3 /* Build configuration list for PBXProject "AtMe" */;
			compatibilityVersion = "Xcode 3.2";
			developmentRegion = English;
			hasScannedForEncodings = 0;
			knownRegions = (
				en,
				Base,
			);
			mainGroup = 5D1C702F1E58C64A00FEDEC3;
			productRefGroup = 5D1C70391E58C64A00FEDEC3 /* Products */;
			projectDirPath = "";
			projectRoot = "";
			targets = (
				5D1C70371E58C64A00FEDEC3 /* AtMe */,
				5DA1D5691EF78B57001A6ED5 /* OneSignalNotificationServiceExtension */,
				5D22766E20C9B6C8002E6958 /* AtMeTests */,
			);
		};
/* End PBXProject section */

/* Begin PBXResourcesBuildPhase section */
		5D1C70361E58C64A00FEDEC3 /* Resources */ = {
			isa = PBXResourcesBuildPhase;
			buildActionMask = 2147483647;
			files = (
				5D1C70461E58C64A00FEDEC3 /* LaunchScreen.storyboard in Resources */,
				5D6394F51F315E3C0095C1C5 /* privacy.txt in Resources */,
				5D5A13021F2177C400D54109 /* GoogleService-Info.plist in Resources */,
				5D1C70431E58C64A00FEDEC3 /* Assets.xcassets in Resources */,
				5D6394F31F31598E0095C1C5 /* terms.txt in Resources */,
				5D1C70411E58C64A00FEDEC3 /* Main.storyboard in Resources */,
			);
			runOnlyForDeploymentPostprocessing = 0;
		};
		5D22766D20C9B6C8002E6958 /* Resources */ = {
			isa = PBXResourcesBuildPhase;
			buildActionMask = 2147483647;
			files = (
			);
			runOnlyForDeploymentPostprocessing = 0;
		};
		5DA1D5681EF78B57001A6ED5 /* Resources */ = {
			isa = PBXResourcesBuildPhase;
			buildActionMask = 2147483647;
			files = (
				5D5A13031F2177C400D54109 /* GoogleService-Info.plist in Resources */,
			);
			runOnlyForDeploymentPostprocessing = 0;
		};
/* End PBXResourcesBuildPhase section */

/* Begin PBXShellScriptBuildPhase section */
		5DDF545413EF3A99BD5CC09F /* [CP] Embed Pods Frameworks */ = {
			isa = PBXShellScriptBuildPhase;
			buildActionMask = 2147483647;
			files = (
			);
			inputPaths = (
				"${SRCROOT}/Pods/Target Support Files/Pods-AtMe/Pods-AtMe-frameworks.sh",
				"${BUILT_PRODUCTS_DIR}/GTMSessionFetcher/GTMSessionFetcher.framework",
				"${BUILT_PRODUCTS_DIR}/GoogleToolboxForMac/GoogleToolboxForMac.framework",
				"${BUILT_PRODUCTS_DIR}/Kingfisher/Kingfisher.framework",
				"${BUILT_PRODUCTS_DIR}/leveldb-library/leveldb.framework",
				"${BUILT_PRODUCTS_DIR}/nanopb/nanopb.framework",
			);
			name = "[CP] Embed Pods Frameworks";
			outputPaths = (
				"${TARGET_BUILD_DIR}/${FRAMEWORKS_FOLDER_PATH}/GTMSessionFetcher.framework",
				"${TARGET_BUILD_DIR}/${FRAMEWORKS_FOLDER_PATH}/GoogleToolboxForMac.framework",
				"${TARGET_BUILD_DIR}/${FRAMEWORKS_FOLDER_PATH}/Kingfisher.framework",
				"${TARGET_BUILD_DIR}/${FRAMEWORKS_FOLDER_PATH}/leveldb.framework",
				"${TARGET_BUILD_DIR}/${FRAMEWORKS_FOLDER_PATH}/nanopb.framework",
			);
			runOnlyForDeploymentPostprocessing = 0;
			shellPath = /bin/sh;
			shellScript = "\"${SRCROOT}/Pods/Target Support Files/Pods-AtMe/Pods-AtMe-frameworks.sh\"\n";
			showEnvVarsInLog = 0;
		};
		78400F367FC7A9993FC66265 /* [CP] Check Pods Manifest.lock */ = {
			isa = PBXShellScriptBuildPhase;
			buildActionMask = 2147483647;
			files = (
			);
			inputPaths = (
				"${PODS_PODFILE_DIR_PATH}/Podfile.lock",
				"${PODS_ROOT}/Manifest.lock",
			);
			name = "[CP] Check Pods Manifest.lock";
			outputPaths = (
				"$(DERIVED_FILE_DIR)/Pods-AtMe-checkManifestLockResult.txt",
			);
			runOnlyForDeploymentPostprocessing = 0;
			shellPath = /bin/sh;
			shellScript = "diff \"${PODS_PODFILE_DIR_PATH}/Podfile.lock\" \"${PODS_ROOT}/Manifest.lock\" > /dev/null\nif [ $? != 0 ] ; then\n    # print error to STDERR\n    echo \"error: The sandbox is not in sync with the Podfile.lock. Run 'pod install' or update your CocoaPods installation.\" >&2\n    exit 1\nfi\n# This output is used by Xcode 'outputs' to avoid re-running this script phase.\necho \"SUCCESS\" > \"${SCRIPT_OUTPUT_FILE_0}\"\n";
			showEnvVarsInLog = 0;
		};
		8F8F71D9E9E00E611F69B892 /* [CP] Embed Pods Frameworks */ = {
			isa = PBXShellScriptBuildPhase;
			buildActionMask = 2147483647;
			files = (
			);
			inputPaths = (
				"${SRCROOT}/Pods/Target Support Files/Pods-AtMeTests/Pods-AtMeTests-frameworks.sh",
				"${BUILT_PRODUCTS_DIR}/GoogleToolboxForMac/GoogleToolboxForMac.framework",
				"${BUILT_PRODUCTS_DIR}/nanopb/nanopb.framework",
			);
			name = "[CP] Embed Pods Frameworks";
			outputPaths = (
				"${TARGET_BUILD_DIR}/${FRAMEWORKS_FOLDER_PATH}/GoogleToolboxForMac.framework",
				"${TARGET_BUILD_DIR}/${FRAMEWORKS_FOLDER_PATH}/nanopb.framework",
			);
			runOnlyForDeploymentPostprocessing = 0;
			shellPath = /bin/sh;
			shellScript = "\"${SRCROOT}/Pods/Target Support Files/Pods-AtMeTests/Pods-AtMeTests-frameworks.sh\"\n";
			showEnvVarsInLog = 0;
		};
		D85C2076939C3121506AED54 /* [CP] Check Pods Manifest.lock */ = {
			isa = PBXShellScriptBuildPhase;
			buildActionMask = 2147483647;
			files = (
			);
			inputPaths = (
				"${PODS_PODFILE_DIR_PATH}/Podfile.lock",
				"${PODS_ROOT}/Manifest.lock",
			);
			name = "[CP] Check Pods Manifest.lock";
			outputPaths = (
				"$(DERIVED_FILE_DIR)/Pods-OneSignalNotificationServiceExtension-checkManifestLockResult.txt",
			);
			runOnlyForDeploymentPostprocessing = 0;
			shellPath = /bin/sh;
			shellScript = "diff \"${PODS_PODFILE_DIR_PATH}/Podfile.lock\" \"${PODS_ROOT}/Manifest.lock\" > /dev/null\nif [ $? != 0 ] ; then\n    # print error to STDERR\n    echo \"error: The sandbox is not in sync with the Podfile.lock. Run 'pod install' or update your CocoaPods installation.\" >&2\n    exit 1\nfi\n# This output is used by Xcode 'outputs' to avoid re-running this script phase.\necho \"SUCCESS\" > \"${SCRIPT_OUTPUT_FILE_0}\"\n";
			showEnvVarsInLog = 0;
		};
		F7EE4D14A49C4B6A1D44231E /* [CP] Check Pods Manifest.lock */ = {
			isa = PBXShellScriptBuildPhase;
			buildActionMask = 2147483647;
			files = (
			);
			inputPaths = (
				"${PODS_PODFILE_DIR_PATH}/Podfile.lock",
				"${PODS_ROOT}/Manifest.lock",
			);
			name = "[CP] Check Pods Manifest.lock";
			outputPaths = (
				"$(DERIVED_FILE_DIR)/Pods-AtMeTests-checkManifestLockResult.txt",
			);
			runOnlyForDeploymentPostprocessing = 0;
			shellPath = /bin/sh;
			shellScript = "diff \"${PODS_PODFILE_DIR_PATH}/Podfile.lock\" \"${PODS_ROOT}/Manifest.lock\" > /dev/null\nif [ $? != 0 ] ; then\n    # print error to STDERR\n    echo \"error: The sandbox is not in sync with the Podfile.lock. Run 'pod install' or update your CocoaPods installation.\" >&2\n    exit 1\nfi\n# This output is used by Xcode 'outputs' to avoid re-running this script phase.\necho \"SUCCESS\" > \"${SCRIPT_OUTPUT_FILE_0}\"\n";
			showEnvVarsInLog = 0;
		};
/* End PBXShellScriptBuildPhase section */

/* Begin PBXSourcesBuildPhase section */
		5D1C70341E58C64A00FEDEC3 /* Sources */ = {
			isa = PBXSourcesBuildPhase;
			buildActionMask = 2147483647;
			files = (
				5D04E98C1E58E24E006D8CD5 /* ConvoViewController.swift in Sources */,
				5D3DDA381E62469000B6FBB7 /* UserInfoCell.swift in Sources */,
				5D65EBF61EFA1798009F512E /* NotificationsController.swift in Sources */,
				5D2812A021324E2F00BD616E /* MockAuthManager.swift in Sources */,
				5DA1C37C1F33FCA8002E2773 /* ReportUserViewController.swift in Sources */,
				5DA9E0DD1E5B6E0900F38C96 /* MessageCell.swift in Sources */,
				5D04E98A1E58DD0C006D8CD5 /* ChatListViewController.swift in Sources */,
				5D2B62621EC909CC00B8363E /* PromptView.swift in Sources */,
				5D9027231EB2A3E60021AEE9 /* Conversation.swift in Sources */,
				5D55868E20B34D7C00139C67 /* MediaViewerNavigationBar.swift in Sources */,
				5DE764F01F00814900E483C6 /* UserSetupViewController.swift in Sources */,
				5DAFF1621E72FD02008DE303 /* SignUpViewController.swift in Sources */,
				5D197AA11E58CE1900C9CB52 /* SignInViewController.swift in Sources */,
				5D3DDA3A1E6248DA00B6FBB7 /* NewConvoViewController.swift in Sources */,
				5D5D67761ED1E90200FF8F2A /* DatabaseController.swift in Sources */,
				5D1C703C1E58C64A00FEDEC3 /* AppDelegate.swift in Sources */,
				5D9DD0362095173D00237CDD /* MediaViewerController.swift in Sources */,
				5DFC7F3D1E7A27CF003C6594 /* ConversationCell.swift in Sources */,
				5D9DD0322095143E00237CDD /* PresentationAnimator.swift in Sources */,
				5DD231841F2B65BE0058DD54 /* ChatToolbarView.swift in Sources */,
				5DAF28B71E5BBCBC00288F31 /* Constants.swift in Sources */,
				5D00D1041F339B9900130C59 /* BlockedUsersViewController.swift in Sources */,
				5D9DD030209513D000237CDD /* MediaTransitionDelegate.swift in Sources */,
				5D323B721F107C3E00853EDE /* EmptyChatListView.swift in Sources */,
				5D5EDF851EC3D14C00F7FC44 /* Extensions.swift in Sources */,
				5D9DD0342095146900237CDD /* DismissalAnimator.swift in Sources */,
				5D0B5AB81E668EFB0077BE46 /* SettingsViewController.swift in Sources */,
				5DF36ED91EB3D35400346868 /* Message.swift in Sources */,
				5D07CAB21E752C0100316D75 /* UserProfile.swift in Sources */,
				5D9617381F316C6100222C79 /* ConvoAuxViewController.swift in Sources */,
				5D28129C2132401200BD616E /* AuthManager.swift in Sources */,
				5D00D1061F33A72E00130C59 /* BlockedUserCell.swift in Sources */,
				5D2B62601EC909A300B8363E /* PromptViewController.swift in Sources */,
				5D6394F11F314F800095C1C5 /* LegalViewController.swift in Sources */,
				5DE764EE1F0046E700E483C6 /* FirebaseAuthManager.swift in Sources */,
				5D9D443A1EAEE81500CF25F7 /* UserState.swift in Sources */,
			);
			runOnlyForDeploymentPostprocessing = 0;
		};
		5D22766B20C9B6C8002E6958 /* Sources */ = {
			isa = PBXSourcesBuildPhase;
			buildActionMask = 2147483647;
			files = (
				5D7549C820CB24B9000683D9 /* AuthControllerTests.swift in Sources */,
				5D28129F21324DE500BD616E /* MockAuthManager.swift in Sources */,
			);
			runOnlyForDeploymentPostprocessing = 0;
		};
		5DA1D5661EF78B57001A6ED5 /* Sources */ = {
			isa = PBXSourcesBuildPhase;
			buildActionMask = 2147483647;
			files = (
				5DA1D56D1EF78B57001A6ED5 /* NotificationService.swift in Sources */,
			);
			runOnlyForDeploymentPostprocessing = 0;
		};
/* End PBXSourcesBuildPhase section */

/* Begin PBXTargetDependency section */
		5D22767520C9B6C8002E6958 /* PBXTargetDependency */ = {
			isa = PBXTargetDependency;
			target = 5D1C70371E58C64A00FEDEC3 /* AtMe */;
			targetProxy = 5D22767420C9B6C8002E6958 /* PBXContainerItemProxy */;
		};
		5DA1D5701EF78B57001A6ED5 /* PBXTargetDependency */ = {
			isa = PBXTargetDependency;
			target = 5DA1D5691EF78B57001A6ED5 /* OneSignalNotificationServiceExtension */;
			targetProxy = 5DA1D56F1EF78B57001A6ED5 /* PBXContainerItemProxy */;
		};
/* End PBXTargetDependency section */

/* Begin PBXVariantGroup section */
		5D1C703F1E58C64A00FEDEC3 /* Main.storyboard */ = {
			isa = PBXVariantGroup;
			children = (
				5D1C70401E58C64A00FEDEC3 /* Base */,
			);
			name = Main.storyboard;
			sourceTree = "<group>";
		};
		5D1C70441E58C64A00FEDEC3 /* LaunchScreen.storyboard */ = {
			isa = PBXVariantGroup;
			children = (
				5D1C70451E58C64A00FEDEC3 /* Base */,
			);
			name = LaunchScreen.storyboard;
			sourceTree = "<group>";
		};
/* End PBXVariantGroup section */

/* Begin XCBuildConfiguration section */
		5D1C70481E58C64A00FEDEC3 /* Debug */ = {
			isa = XCBuildConfiguration;
			buildSettings = {
				ALWAYS_SEARCH_USER_PATHS = NO;
				CLANG_ANALYZER_NONNULL = YES;
				CLANG_CXX_LANGUAGE_STANDARD = "gnu++0x";
				CLANG_CXX_LIBRARY = "libc++";
				CLANG_ENABLE_MODULES = YES;
				CLANG_ENABLE_OBJC_ARC = YES;
				CLANG_WARN_BLOCK_CAPTURE_AUTORELEASING = YES;
				CLANG_WARN_BOOL_CONVERSION = YES;
				CLANG_WARN_COMMA = YES;
				CLANG_WARN_CONSTANT_CONVERSION = YES;
				CLANG_WARN_DEPRECATED_OBJC_IMPLEMENTATIONS = YES;
				CLANG_WARN_DIRECT_OBJC_ISA_USAGE = YES_ERROR;
				CLANG_WARN_DOCUMENTATION_COMMENTS = YES;
				CLANG_WARN_EMPTY_BODY = YES;
				CLANG_WARN_ENUM_CONVERSION = YES;
				CLANG_WARN_INFINITE_RECURSION = YES;
				CLANG_WARN_INT_CONVERSION = YES;
				CLANG_WARN_NON_LITERAL_NULL_CONVERSION = YES;
				CLANG_WARN_OBJC_IMPLICIT_RETAIN_SELF = YES;
				CLANG_WARN_OBJC_LITERAL_CONVERSION = YES;
				CLANG_WARN_OBJC_ROOT_CLASS = YES_ERROR;
				CLANG_WARN_RANGE_LOOP_ANALYSIS = YES;
				CLANG_WARN_STRICT_PROTOTYPES = YES;
				CLANG_WARN_SUSPICIOUS_MOVE = YES;
				CLANG_WARN_UNREACHABLE_CODE = YES;
				CLANG_WARN__DUPLICATE_METHOD_MATCH = YES;
				"CODE_SIGN_IDENTITY[sdk=iphoneos*]" = "iPhone Developer";
				COPY_PHASE_STRIP = NO;
				DEBUG_INFORMATION_FORMAT = dwarf;
				ENABLE_BITCODE = NO;
				ENABLE_STRICT_OBJC_MSGSEND = YES;
				ENABLE_TESTABILITY = YES;
				GCC_C_LANGUAGE_STANDARD = gnu99;
				GCC_DYNAMIC_NO_PIC = NO;
				GCC_NO_COMMON_BLOCKS = YES;
				GCC_OPTIMIZATION_LEVEL = 0;
				GCC_PREPROCESSOR_DEFINITIONS = (
					"DEBUG=1",
					"$(inherited)",
				);
				GCC_WARN_64_TO_32_BIT_CONVERSION = YES;
				GCC_WARN_ABOUT_RETURN_TYPE = YES_ERROR;
				GCC_WARN_UNDECLARED_SELECTOR = YES;
				GCC_WARN_UNINITIALIZED_AUTOS = YES_AGGRESSIVE;
				GCC_WARN_UNUSED_FUNCTION = YES;
				GCC_WARN_UNUSED_VARIABLE = YES;
				IPHONEOS_DEPLOYMENT_TARGET = 10.0;
				MTL_ENABLE_DEBUG_INFO = YES;
				ONLY_ACTIVE_ARCH = YES;
				SDKROOT = iphoneos;
				SWIFT_ACTIVE_COMPILATION_CONDITIONS = DEBUG;
				SWIFT_OPTIMIZATION_LEVEL = "-Onone";
			};
			name = Debug;
		};
		5D1C70491E58C64A00FEDEC3 /* Release */ = {
			isa = XCBuildConfiguration;
			buildSettings = {
				ALWAYS_SEARCH_USER_PATHS = NO;
				CLANG_ANALYZER_NONNULL = YES;
				CLANG_CXX_LANGUAGE_STANDARD = "gnu++0x";
				CLANG_CXX_LIBRARY = "libc++";
				CLANG_ENABLE_MODULES = YES;
				CLANG_ENABLE_OBJC_ARC = YES;
				CLANG_WARN_BLOCK_CAPTURE_AUTORELEASING = YES;
				CLANG_WARN_BOOL_CONVERSION = YES;
				CLANG_WARN_COMMA = YES;
				CLANG_WARN_CONSTANT_CONVERSION = YES;
				CLANG_WARN_DEPRECATED_OBJC_IMPLEMENTATIONS = YES;
				CLANG_WARN_DIRECT_OBJC_ISA_USAGE = YES_ERROR;
				CLANG_WARN_DOCUMENTATION_COMMENTS = YES;
				CLANG_WARN_EMPTY_BODY = YES;
				CLANG_WARN_ENUM_CONVERSION = YES;
				CLANG_WARN_INFINITE_RECURSION = YES;
				CLANG_WARN_INT_CONVERSION = YES;
				CLANG_WARN_NON_LITERAL_NULL_CONVERSION = YES;
				CLANG_WARN_OBJC_IMPLICIT_RETAIN_SELF = YES;
				CLANG_WARN_OBJC_LITERAL_CONVERSION = YES;
				CLANG_WARN_OBJC_ROOT_CLASS = YES_ERROR;
				CLANG_WARN_RANGE_LOOP_ANALYSIS = YES;
				CLANG_WARN_STRICT_PROTOTYPES = YES;
				CLANG_WARN_SUSPICIOUS_MOVE = YES;
				CLANG_WARN_UNREACHABLE_CODE = YES;
				CLANG_WARN__DUPLICATE_METHOD_MATCH = YES;
				"CODE_SIGN_IDENTITY[sdk=iphoneos*]" = "iPhone Developer";
				COPY_PHASE_STRIP = NO;
				DEBUG_INFORMATION_FORMAT = "dwarf-with-dsym";
				ENABLE_BITCODE = NO;
				ENABLE_NS_ASSERTIONS = NO;
				ENABLE_STRICT_OBJC_MSGSEND = YES;
				GCC_C_LANGUAGE_STANDARD = gnu99;
				GCC_NO_COMMON_BLOCKS = YES;
				GCC_WARN_64_TO_32_BIT_CONVERSION = YES;
				GCC_WARN_ABOUT_RETURN_TYPE = YES_ERROR;
				GCC_WARN_UNDECLARED_SELECTOR = YES;
				GCC_WARN_UNINITIALIZED_AUTOS = YES_AGGRESSIVE;
				GCC_WARN_UNUSED_FUNCTION = YES;
				GCC_WARN_UNUSED_VARIABLE = YES;
				IPHONEOS_DEPLOYMENT_TARGET = 10.0;
				MTL_ENABLE_DEBUG_INFO = NO;
				SDKROOT = iphoneos;
				SWIFT_OPTIMIZATION_LEVEL = "-Owholemodule";
				VALIDATE_PRODUCT = YES;
			};
			name = Release;
		};
		5D1C704B1E58C64A00FEDEC3 /* Debug */ = {
			isa = XCBuildConfiguration;
			baseConfigurationReference = 7F3DB2773FD585250B1CABFB /* Pods-AtMe.debug.xcconfig */;
			buildSettings = {
				ALWAYS_EMBED_SWIFT_STANDARD_LIBRARIES = YES;
				ASSETCATALOG_COMPILER_APPICON_NAME = AppIcon;
				CODE_SIGN_ENTITLEMENTS = AtMe/AtMe.entitlements;
				"CODE_SIGN_IDENTITY[sdk=iphoneos*]" = "iPhone Developer";
				DEVELOPMENT_TEAM = "";
				INFOPLIST_FILE = "$(SRCROOT)/AtMe/Info.plist";
				IPHONEOS_DEPLOYMENT_TARGET = 10.0;
				LD_RUNPATH_SEARCH_PATHS = "$(inherited) @executable_path/Frameworks";
				PRODUCT_BUNDLE_IDENTIFIER = com.JoelRorseth.AtMe;
				PRODUCT_NAME = "$(TARGET_NAME)";
				PROVISIONING_PROFILE = "";
				PROVISIONING_PROFILE_SPECIFIER = "";
				SWIFT_SWIFT3_OBJC_INFERENCE = Default;
				SWIFT_VERSION = 4.0;
			};
			name = Debug;
		};
		5D1C704C1E58C64A00FEDEC3 /* Release */ = {
			isa = XCBuildConfiguration;
			baseConfigurationReference = 3EA6B6C2F24651C2E0E50A37 /* Pods-AtMe.release.xcconfig */;
			buildSettings = {
				ALWAYS_EMBED_SWIFT_STANDARD_LIBRARIES = YES;
				ASSETCATALOG_COMPILER_APPICON_NAME = AppIcon;
				CODE_SIGN_ENTITLEMENTS = AtMe/AtMe.entitlements;
				"CODE_SIGN_IDENTITY[sdk=iphoneos*]" = "iPhone Developer";
				DEVELOPMENT_TEAM = "";
				INFOPLIST_FILE = "$(SRCROOT)/AtMe/Info.plist";
				IPHONEOS_DEPLOYMENT_TARGET = 10.0;
				LD_RUNPATH_SEARCH_PATHS = "$(inherited) @executable_path/Frameworks";
				PRODUCT_BUNDLE_IDENTIFIER = com.JoelRorseth.AtMe;
				PRODUCT_NAME = "$(TARGET_NAME)";
				PROVISIONING_PROFILE = "";
				PROVISIONING_PROFILE_SPECIFIER = "";
				SWIFT_SWIFT3_OBJC_INFERENCE = Default;
				SWIFT_VERSION = 4.0;
			};
			name = Release;
		};
		5D22767720C9B6C8002E6958 /* Debug */ = {
			isa = XCBuildConfiguration;
			baseConfigurationReference = ACDEBA52D79956F81B9FB3C5 /* Pods-AtMeTests.debug.xcconfig */;
			buildSettings = {
				BUNDLE_LOADER = "$(TEST_HOST)";
				CLANG_ANALYZER_NUMBER_OBJECT_CONVERSION = YES_AGGRESSIVE;
				CLANG_CXX_LANGUAGE_STANDARD = "gnu++14";
				CLANG_ENABLE_OBJC_WEAK = YES;
				CLANG_WARN_UNGUARDED_AVAILABILITY = YES_AGGRESSIVE;
				CODE_SIGN_IDENTITY = "iPhone Developer";
				CODE_SIGN_STYLE = Automatic;
				DEVELOPMENT_TEAM = TGHSJ2W3HB;
				GCC_C_LANGUAGE_STANDARD = gnu11;
				INFOPLIST_FILE = AtMeTests/Info.plist;
				IPHONEOS_DEPLOYMENT_TARGET = 10.0;
				LD_RUNPATH_SEARCH_PATHS = "$(inherited) @executable_path/Frameworks @loader_path/Frameworks";
				MTL_ENABLE_DEBUG_INFO = INCLUDE_SOURCE;
				PRODUCT_BUNDLE_IDENTIFIER = com.JoelRorseth.AtMeTests;
				PRODUCT_NAME = "$(TARGET_NAME)";
				SWIFT_VERSION = 4.2;
				TARGETED_DEVICE_FAMILY = "1,2";
				TEST_HOST = "$(BUILT_PRODUCTS_DIR)/AtMe.app/AtMe";
			};
			name = Debug;
		};
		5D22767820C9B6C8002E6958 /* Release */ = {
			isa = XCBuildConfiguration;
			baseConfigurationReference = 4E680CAB8B2C3DC09C5B77F4 /* Pods-AtMeTests.release.xcconfig */;
			buildSettings = {
				BUNDLE_LOADER = "$(TEST_HOST)";
				CLANG_ANALYZER_NUMBER_OBJECT_CONVERSION = YES_AGGRESSIVE;
				CLANG_CXX_LANGUAGE_STANDARD = "gnu++14";
				CLANG_ENABLE_OBJC_WEAK = YES;
				CLANG_WARN_UNGUARDED_AVAILABILITY = YES_AGGRESSIVE;
				CODE_SIGN_IDENTITY = "iPhone Developer";
				CODE_SIGN_STYLE = Automatic;
				DEVELOPMENT_TEAM = TGHSJ2W3HB;
				GCC_C_LANGUAGE_STANDARD = gnu11;
				INFOPLIST_FILE = AtMeTests/Info.plist;
				IPHONEOS_DEPLOYMENT_TARGET = 10.0;
				LD_RUNPATH_SEARCH_PATHS = "$(inherited) @executable_path/Frameworks @loader_path/Frameworks";
				PRODUCT_BUNDLE_IDENTIFIER = com.JoelRorseth.AtMeTests;
				PRODUCT_NAME = "$(TARGET_NAME)";
				SWIFT_VERSION = 4.2;
				TARGETED_DEVICE_FAMILY = "1,2";
				TEST_HOST = "$(BUILT_PRODUCTS_DIR)/AtMe.app/AtMe";
			};
			name = Release;
		};
		5DA1D5721EF78B57001A6ED5 /* Debug */ = {
			isa = XCBuildConfiguration;
			baseConfigurationReference = 6091D7237A3A486130F73C61 /* Pods-OneSignalNotificationServiceExtension.debug.xcconfig */;
			buildSettings = {
				CLANG_ANALYZER_NUMBER_OBJECT_CONVERSION = YES_AGGRESSIVE;
				"CODE_SIGN_IDENTITY[sdk=iphoneos*]" = "iPhone Developer";
				DEVELOPMENT_TEAM = TGHSJ2W3HB;
				INFOPLIST_FILE = OneSignalNotificationServiceExtension/Info.plist;
				IPHONEOS_DEPLOYMENT_TARGET = 10.0;
				LD_RUNPATH_SEARCH_PATHS = "$(inherited) @executable_path/Frameworks @executable_path/../../Frameworks";
				PRODUCT_BUNDLE_IDENTIFIER = com.JoelRorseth.AtMe.OneSignalNotificationServiceExtension;
				PRODUCT_NAME = "$(TARGET_NAME)";
				PROVISIONING_PROFILE_SPECIFIER = "";
				SKIP_INSTALL = YES;
				SWIFT_SWIFT3_OBJC_INFERENCE = Default;
				SWIFT_VERSION = 4.0;
			};
			name = Debug;
		};
		5DA1D5731EF78B57001A6ED5 /* Release */ = {
			isa = XCBuildConfiguration;
			baseConfigurationReference = E73653AE2B0ED77BD80E3B72 /* Pods-OneSignalNotificationServiceExtension.release.xcconfig */;
			buildSettings = {
				CLANG_ANALYZER_NUMBER_OBJECT_CONVERSION = YES_AGGRESSIVE;
				"CODE_SIGN_IDENTITY[sdk=iphoneos*]" = "iPhone Developer";
				DEVELOPMENT_TEAM = TGHSJ2W3HB;
				INFOPLIST_FILE = OneSignalNotificationServiceExtension/Info.plist;
				IPHONEOS_DEPLOYMENT_TARGET = 10.0;
				LD_RUNPATH_SEARCH_PATHS = "$(inherited) @executable_path/Frameworks @executable_path/../../Frameworks";
				PRODUCT_BUNDLE_IDENTIFIER = com.JoelRorseth.AtMe.OneSignalNotificationServiceExtension;
				PRODUCT_NAME = "$(TARGET_NAME)";
				PROVISIONING_PROFILE_SPECIFIER = "";
				SKIP_INSTALL = YES;
				SWIFT_SWIFT3_OBJC_INFERENCE = Default;
				SWIFT_VERSION = 4.0;
			};
			name = Release;
		};
/* End XCBuildConfiguration section */

/* Begin XCConfigurationList section */
		5D1C70331E58C64A00FEDEC3 /* Build configuration list for PBXProject "AtMe" */ = {
			isa = XCConfigurationList;
			buildConfigurations = (
				5D1C70481E58C64A00FEDEC3 /* Debug */,
				5D1C70491E58C64A00FEDEC3 /* Release */,
			);
			defaultConfigurationIsVisible = 0;
			defaultConfigurationName = Release;
		};
		5D1C704A1E58C64A00FEDEC3 /* Build configuration list for PBXNativeTarget "AtMe" */ = {
			isa = XCConfigurationList;
			buildConfigurations = (
				5D1C704B1E58C64A00FEDEC3 /* Debug */,
				5D1C704C1E58C64A00FEDEC3 /* Release */,
			);
			defaultConfigurationIsVisible = 0;
			defaultConfigurationName = Release;
		};
		5D22767620C9B6C8002E6958 /* Build configuration list for PBXNativeTarget "AtMeTests" */ = {
			isa = XCConfigurationList;
			buildConfigurations = (
				5D22767720C9B6C8002E6958 /* Debug */,
				5D22767820C9B6C8002E6958 /* Release */,
			);
			defaultConfigurationIsVisible = 0;
			defaultConfigurationName = Release;
		};
		5DA1D5741EF78B57001A6ED5 /* Build configuration list for PBXNativeTarget "OneSignalNotificationServiceExtension" */ = {
			isa = XCConfigurationList;
			buildConfigurations = (
				5DA1D5721EF78B57001A6ED5 /* Debug */,
				5DA1D5731EF78B57001A6ED5 /* Release */,
			);
			defaultConfigurationIsVisible = 0;
			defaultConfigurationName = Release;
		};
/* End XCConfigurationList section */
	};
	rootObject = 5D1C70301E58C64A00FEDEC3 /* Project object */;
}
